
Microsoft Visual Studio Solution File, Format Version 12.00
# Visual Studio 14
VisualStudioVersion = 14.0.23107.0
MinimumVisualStudioVersion = 10.0.40219.1
Project("{FAE04EC0-301F-11D3-BF4B-00C04F79EFBC}") = "amoretspero-firstmvc", "amoretspero-firstmvc\amoretspero-firstmvc.csproj", "{E21E272F-03C0-41D8-8155-1BD963A3380F}"
EndProject
Global
	GlobalSection(SolutionConfigurationPlatforms) = preSolution
		Debug|Any CPU = Debug|Any CPU
		Release|Any CPU = Release|Any CPU
	EndGlobalSection
	GlobalSection(ProjectConfigurationPlatforms) = postSolution
		{E21E272F-03C0-41D8-8155-1BD963A3380F}.Debug|Any CPU.ActiveCfg = Debug|Any CPU
		{E21E272F-03C0-41D8-8155-1BD963A3380F}.Debug|Any CPU.Build.0 = Debug|Any CPU
		{E21E272F-03C0-41D8-8155-1BD963A3380F}.Release|Any CPU.ActiveCfg = Release|Any CPU
		{E21E272F-03C0-41D8-8155-1BD963A3380F}.Release|Any CPU.Build.0 = Release|Any CPU
	EndGlobalSection
	GlobalSection(SolutionProperties) = preSolution
		HideSolutionNode = FALSE
	EndGlobalSection
EndGlobal
